
Microsoft Visual Studio Solution File, Format Version 12.00
# Visual Studio Version 16
VisualStudioVersion = 16.0.32126.315
MinimumVisualStudioVersion = 10.0.40219.1
Project("{8BC9CEB8-8B4A-11D0-8D11-00A0C91BC942}") = "Dino", "Dino.vcxproj", "{66026D46-4D3D-43CF-B854-85C278028535}"
EndProject
Global
	GlobalSection(SolutionConfigurationPlatforms) = preSolution
		Debug|x64 = Debug|x64
		Debug|x86 = Debug|x86
		Release|x64 = Release|x64
		Release|x86 = Release|x86
	EndGlobalSection
	GlobalSection(ProjectConfigurationPlatforms) = postSolution
		{66026D46-4D3D-43CF-B854-85C278028535}.Debug|x64.ActiveCfg = Debug|x64
		{66026D46-4D3D-43CF-B854-85C278028535}.Debug|x64.Build.0 = Debug|x64
		{66026D46-4D3D-43CF-B854-85C278028535}.Debug|x86.ActiveCfg = Debug|Win32
		{66026D46-4D3D-43CF-B854-85C278028535}.Debug|x86.Build.0 = Debug|Win32
		{66026D46-4D3D-43CF-B854-85C278028535}.Release|x64.ActiveCfg = Release|x64
		{66026D46-4D3D-43CF-B854-85C278028535}.Release|x64.Build.0 = Release|x64
		{66026D46-4D3D-43CF-B854-85C278028535}.Release|x86.ActiveCfg = Release|Win32
		{66026D46-4D3D-43CF-B854-85C278028535}.Release|x86.Build.0 = Release|Win32
	EndGlobalSection
	GlobalSection(SolutionProperties) = preSolution
		HideSolutionNode = FALSE
	EndGlobalSection
	GlobalSection(ExtensibilityGlobals) = postSolution
		SolutionGuid = {7BD10D42-238C-4A75-A2F6-2A1E35B20985}
	EndGlobalSection
EndGlobal
